
Microsoft Visual Studio Solution File, Format Version 12.00
# Visual Studio Version 17
VisualStudioVersion = 17.14.36221.1 d17.14
MinimumVisualStudioVersion = 10.0.40219.1
Project("{FAE04EC0-301F-11D3-BF4B-00C04F79EFBC}") = "BiologicsCafe", "BiologicsCafe\BiologicsCafe.csproj", "{A9A963B1-1299-4C9E-B9F7-98126F0D8483}"
EndProject
Global
	GlobalSection(SolutionConfigurationPlatforms) = preSolution
		Debug|Any CPU = Debug|Any CPU
		Release|Any CPU = Release|Any CPU
	EndGlobalSection
	GlobalSection(ProjectConfigurationPlatforms) = postSolution
		{A9A963B1-1299-4C9E-B9F7-98126F0D8483}.Debug|Any CPU.ActiveCfg = Debug|Any CPU
		{A9A963B1-1299-4C9E-B9F7-98126F0D8483}.Debug|Any CPU.Build.0 = Debug|Any CPU
		{A9A963B1-1299-4C9E-B9F7-98126F0D8483}.Release|Any CPU.ActiveCfg = Release|Any CPU
		{A9A963B1-1299-4C9E-B9F7-98126F0D8483}.Release|Any CPU.Build.0 = Release|Any CPU
	EndGlobalSection
	GlobalSection(SolutionProperties) = preSolution
		HideSolutionNode = FALSE
	EndGlobalSection
	GlobalSection(ExtensibilityGlobals) = postSolution
		SolutionGuid = {BB43CB52-F9A8-432C-8604-CC705DAFF1D6}
	EndGlobalSection
EndGlobal
